
Microsoft Visual Studio Solution File, Format Version 12.00
# Visual Studio Version 17
VisualStudioVersion = 17.4.33213.308
MinimumVisualStudioVersion = 10.0.40219.1
Project("{2150E333-8FDC-42A3-9474-1A3956D46DE8}") = "src", "src", "{1C3C3228-CF7D-4CD0-8CC6-659109DF05FE}"
EndProject
Project("{2150E333-8FDC-42A3-9474-1A3956D46DE8}") = "test", "test", "{EC1BC12C-0983-41E3-B438-0F8C616A3AF8}"
EndProject
Project("{9A19103F-16F7-4668-BE54-9A1E7A4F7556}") = "CloudTrack.Competitions.WebAPI", "src\CloudTrack.Competitions.WebAPI\CloudTrack.Competitions.WebAPI.csproj", "{870B4797-74C3-43FF-BDB3-8413B8C11E4E}"
EndProject
Project("{9A19103F-16F7-4668-BE54-9A1E7A4F7556}") = "CloudTrack.Competitions.Application", "src\CloudTrack.Competitions.Application\CloudTrack.Competitions.Application.csproj", "{313293A6-0734-4E5D-87E2-B1DE86B8FBFC}"
EndProject
Project("{9A19103F-16F7-4668-BE54-9A1E7A4F7556}") = "CloudTrack.Competitions.Domain", "src\CloudTrack.Competitions.Domain\CloudTrack.Competitions.Domain.csproj", "{6784B6F2-376E-4697-9E0B-F3DC54228422}"
EndProject
Project("{9A19103F-16F7-4668-BE54-9A1E7A4F7556}") = "CloudTrack.Competitions.Infrastructure", "src\CloudTrack.Competitions.Infrastructure\CloudTrack.Competitions.Infrastructure.csproj", "{60F3E6E2-11F1-4472-818D-98C4EADA7193}"
EndProject
Project("{9A19103F-16F7-4668-BE54-9A1E7A4F7556}") = "CloudTrack.Competitions.Domain.UnitTests", "test\CloudTrack.Competitions.Domain.UnitTests\CloudTrack.Competitions.Domain.UnitTests.csproj", "{63956837-96BC-4657-B4AF-8A760C71BD7D}"
EndProject
Project("{2150E333-8FDC-42A3-9474-1A3956D46DE8}") = ".github", ".github", "{668DE3BA-AFC5-4737-9713-EDA4407A0A3F}"
EndProject
Project("{2150E333-8FDC-42A3-9474-1A3956D46DE8}") = "workflows", "workflows", "{61B27004-9D80-4582-B8FC-0B89CB80A8C3}"
	ProjectSection(SolutionItems) = preProject
		.github\workflows\.script-build-service-docker-image-and-push-into-acr.yml = .github\workflows\.script-build-service-docker-image-and-push-into-acr.yml
		.github\workflows\.script-deploy-service-into-aca.yml = .github\workflows\.script-deploy-service-into-aca.yml
		.github\workflows\build-and-deploy-job-to-aca-dev.yml = .github\workflows\build-and-deploy-job-to-aca-dev.yml
		.github\workflows\build-and-deploy-to-aca-dev.yml = .github\workflows\build-and-deploy-to-aca-dev.yml
		.github\workflows\build-and-publish-nugets.yml = .github\workflows\build-and-publish-nugets.yml
	EndProjectSection
EndProject
Project("{2150E333-8FDC-42A3-9474-1A3956D46DE8}") = "Solution Items", "Solution Items", "{77CE56B7-762D-482C-8958-CC751E3AD848}"
	ProjectSection(SolutionItems) = preProject
		README.MD = README.MD
	EndProjectSection
EndProject
Project("{2150E333-8FDC-42A3-9474-1A3956D46DE8}") = "Shared", "Shared", "{6199844C-9B68-4609-8F0E-B581536FBCB0}"
	ProjectSection(SolutionItems) = preProject
		src\Shared\Directory.Build.props = src\Shared\Directory.Build.props
	EndProjectSection
EndProject
Project("{9A19103F-16F7-4668-BE54-9A1E7A4F7556}") = "CloudTrack.Competitions.Messaging", "src\Shared\CloudTrack.Competitions.Messaging\CloudTrack.Competitions.Messaging.csproj", "{D5A78708-D1CC-4515-836A-6E29BE05203A}"
EndProject
Project("{FAE04EC0-301F-11D3-BF4B-00C04F79EFBC}") = "CloudTrack.Competitions.AppHost", "src\CloudTrack.Competitions.AppHost\CloudTrack.Competitions.AppHost.csproj", "{DE679601-C7D5-4EE4-ACD5-92F6F735BC01}"
EndProject
Project("{2150E333-8FDC-42A3-9474-1A3956D46DE8}") = "Jobs", "Jobs", "{C404B9D2-1A00-4593-9CBB-10C0291A3A9B}"
EndProject
Project("{FAE04EC0-301F-11D3-BF4B-00C04F79EFBC}") = "CloudTrack.Competitions.CompleteRegistrationsJob", "src\Jobs\CloudTrack.Competitions.CompleteRegistrationsJob\CloudTrack.Competitions.CompleteRegistrationsJob.csproj", "{BD3072B9-0669-42D1-9FE0-7D393C857BF6}"
EndProject
Global
	GlobalSection(SolutionConfigurationPlatforms) = preSolution
		Debug|Any CPU = Debug|Any CPU
		Release|Any CPU = Release|Any CPU
	EndGlobalSection
	GlobalSection(ProjectConfigurationPlatforms) = postSolution
		{870B4797-74C3-43FF-BDB3-8413B8C11E4E}.Debug|Any CPU.ActiveCfg = Debug|Any CPU
		{870B4797-74C3-43FF-BDB3-8413B8C11E4E}.Debug|Any CPU.Build.0 = Debug|Any CPU
		{870B4797-74C3-43FF-BDB3-8413B8C11E4E}.Release|Any CPU.ActiveCfg = Release|Any CPU
		{870B4797-74C3-43FF-BDB3-8413B8C11E4E}.Release|Any CPU.Build.0 = Release|Any CPU
		{313293A6-0734-4E5D-87E2-B1DE86B8FBFC}.Debug|Any CPU.ActiveCfg = Debug|Any CPU
		{313293A6-0734-4E5D-87E2-B1DE86B8FBFC}.Debug|Any CPU.Build.0 = Debug|Any CPU
		{313293A6-0734-4E5D-87E2-B1DE86B8FBFC}.Release|Any CPU.ActiveCfg = Release|Any CPU
		{313293A6-0734-4E5D-87E2-B1DE86B8FBFC}.Release|Any CPU.Build.0 = Release|Any CPU
		{6784B6F2-376E-4697-9E0B-F3DC54228422}.Debug|Any CPU.ActiveCfg = Debug|Any CPU
		{6784B6F2-376E-4697-9E0B-F3DC54228422}.Debug|Any CPU.Build.0 = Debug|Any CPU
		{6784B6F2-376E-4697-9E0B-F3DC54228422}.Release|Any CPU.ActiveCfg = Release|Any CPU
		{6784B6F2-376E-4697-9E0B-F3DC54228422}.Release|Any CPU.Build.0 = Release|Any CPU
		{60F3E6E2-11F1-4472-818D-98C4EADA7193}.Debug|Any CPU.ActiveCfg = Debug|Any CPU
		{60F3E6E2-11F1-4472-818D-98C4EADA7193}.Debug|Any CPU.Build.0 = Debug|Any CPU
		{60F3E6E2-11F1-4472-818D-98C4EADA7193}.Release|Any CPU.ActiveCfg = Release|Any CPU
		{60F3E6E2-11F1-4472-818D-98C4EADA7193}.Release|Any CPU.Build.0 = Release|Any CPU
		{63956837-96BC-4657-B4AF-8A760C71BD7D}.Debug|Any CPU.ActiveCfg = Debug|Any CPU
		{63956837-96BC-4657-B4AF-8A760C71BD7D}.Debug|Any CPU.Build.0 = Debug|Any CPU
		{63956837-96BC-4657-B4AF-8A760C71BD7D}.Release|Any CPU.ActiveCfg = Release|Any CPU
		{63956837-96BC-4657-B4AF-8A760C71BD7D}.Release|Any CPU.Build.0 = Release|Any CPU
		{D5A78708-D1CC-4515-836A-6E29BE05203A}.Debug|Any CPU.ActiveCfg = Debug|Any CPU
		{D5A78708-D1CC-4515-836A-6E29BE05203A}.Debug|Any CPU.Build.0 = Debug|Any CPU
		{D5A78708-D1CC-4515-836A-6E29BE05203A}.Release|Any CPU.ActiveCfg = Release|Any CPU
		{D5A78708-D1CC-4515-836A-6E29BE05203A}.Release|Any CPU.Build.0 = Release|Any CPU
		{DE679601-C7D5-4EE4-ACD5-92F6F735BC01}.Debug|Any CPU.ActiveCfg = Debug|Any CPU
		{DE679601-C7D5-4EE4-ACD5-92F6F735BC01}.Debug|Any CPU.Build.0 = Debug|Any CPU
		{DE679601-C7D5-4EE4-ACD5-92F6F735BC01}.Release|Any CPU.ActiveCfg = Release|Any CPU
		{DE679601-C7D5-4EE4-ACD5-92F6F735BC01}.Release|Any CPU.Build.0 = Release|Any CPU
		{BD3072B9-0669-42D1-9FE0-7D393C857BF6}.Debug|Any CPU.ActiveCfg = Debug|Any CPU
		{BD3072B9-0669-42D1-9FE0-7D393C857BF6}.Debug|Any CPU.Build.0 = Debug|Any CPU
		{BD3072B9-0669-42D1-9FE0-7D393C857BF6}.Release|Any CPU.ActiveCfg = Release|Any CPU
		{BD3072B9-0669-42D1-9FE0-7D393C857BF6}.Release|Any CPU.Build.0 = Release|Any CPU
	EndGlobalSection
	GlobalSection(SolutionProperties) = preSolution
		HideSolutionNode = FALSE
	EndGlobalSection
	GlobalSection(NestedProjects) = preSolution
		{870B4797-74C3-43FF-BDB3-8413B8C11E4E} = {1C3C3228-CF7D-4CD0-8CC6-659109DF05FE}
		{313293A6-0734-4E5D-87E2-B1DE86B8FBFC} = {1C3C3228-CF7D-4CD0-8CC6-659109DF05FE}
		{6784B6F2-376E-4697-9E0B-F3DC54228422} = {1C3C3228-CF7D-4CD0-8CC6-659109DF05FE}
		{60F3E6E2-11F1-4472-818D-98C4EADA7193} = {1C3C3228-CF7D-4CD0-8CC6-659109DF05FE}
		{63956837-96BC-4657-B4AF-8A760C71BD7D} = {EC1BC12C-0983-41E3-B438-0F8C616A3AF8}
		{61B27004-9D80-4582-B8FC-0B89CB80A8C3} = {668DE3BA-AFC5-4737-9713-EDA4407A0A3F}
		{6199844C-9B68-4609-8F0E-B581536FBCB0} = {1C3C3228-CF7D-4CD0-8CC6-659109DF05FE}
		{D5A78708-D1CC-4515-836A-6E29BE05203A} = {6199844C-9B68-4609-8F0E-B581536FBCB0}
		{DE679601-C7D5-4EE4-ACD5-92F6F735BC01} = {1C3C3228-CF7D-4CD0-8CC6-659109DF05FE}
		{C404B9D2-1A00-4593-9CBB-10C0291A3A9B} = {1C3C3228-CF7D-4CD0-8CC6-659109DF05FE}
		{BD3072B9-0669-42D1-9FE0-7D393C857BF6} = {C404B9D2-1A00-4593-9CBB-10C0291A3A9B}
	EndGlobalSection
	GlobalSection(ExtensibilityGlobals) = postSolution
		SolutionGuid = {97F31DEE-3931-45EB-9080-33C0E8B6E949}
	EndGlobalSection
EndGlobal
